
Microsoft Visual Studio Solution File, Format Version 11.00
# Visual Studio 2010
Project("{2150E333-8FDC-42A3-9474-1A3956D46DE8}") = "mod", "mod", "{EEB5A4C9-91C3-4588-B99B-483B3FB57AB4}"
EndProject
Project("{2150E333-8FDC-42A3-9474-1A3956D46DE8}") = "libs", "libs", "{DA07A9CF-8365-4CF2-8B58-86DA5BA277B6}"
EndProject
Project("{8BC9CEB8-8B4A-11D0-8D11-00A0C91BC942}") = "APImodule", "libs\APImodule\APImodule.vcxproj", "{736C1528-E41B-B641-EA17-E5A17563DAF1}"
	ProjectSection(ProjectDependencies) = postProject
		{176E3365-0B5D-4A08-8DA6-77E8DB098DAF} = {176E3365-0B5D-4A08-8DA6-77E8DB098DAF}
	EndProjectSection
EndProject
Project("{8BC9CEB8-8B4A-11D0-8D11-00A0C91BC942}") = "libcurl", "libs\curl\lib\libcurl.vcxproj", "{176E3365-0B5D-4A08-8DA6-77E8DB098DAF}"
EndProject
Project("{8BC9CEB8-8B4A-11D0-8D11-00A0C91BC942}") = "pthread", "libs\pthreads-w32-2-9-1\pthread.vcxproj", "{D66C8F3C-C4D4-4A63-98D2-46D71BA3E9AE}"
EndProject
Project("{8BC9CEB8-8B4A-11D0-8D11-00A0C91BC942}") = "cgame", "src\cgame\cgame.vcxproj", "{68A804FC-00C3-44E2-A479-3DB3D20F943D}"
EndProject
Project("{8BC9CEB8-8B4A-11D0-8D11-00A0C91BC942}") = "game", "src\game\game.vcxproj", "{4F8332D7-5687-4875-813A-A1B7AA479C2D}"
	ProjectSection(ProjectDependencies) = postProject
		{D66C8F3C-C4D4-4A63-98D2-46D71BA3E9AE} = {D66C8F3C-C4D4-4A63-98D2-46D71BA3E9AE}
	EndProjectSection
EndProject
Project("{8BC9CEB8-8B4A-11D0-8D11-00A0C91BC942}") = "ui", "src\ui\ui.vcxproj", "{4C02EEB1-33AA-41C5-9A96-609161DF1635}"
EndProject
Global
	GlobalSection(SolutionConfigurationPlatforms) = preSolution
		Debug|Win32 = Debug|Win32
		Release|Win32 = Release|Win32
	EndGlobalSection
	GlobalSection(ProjectConfigurationPlatforms) = postSolution
		{736C1528-E41B-B641-EA17-E5A17563DAF1}.Debug|Win32.ActiveCfg = Debug|Win32
		{736C1528-E41B-B641-EA17-E5A17563DAF1}.Debug|Win32.Build.0 = Debug|Win32
		{736C1528-E41B-B641-EA17-E5A17563DAF1}.Release|Win32.ActiveCfg = Release|Win32
		{736C1528-E41B-B641-EA17-E5A17563DAF1}.Release|Win32.Build.0 = Release|Win32
		{176E3365-0B5D-4A08-8DA6-77E8DB098DAF}.Debug|Win32.ActiveCfg = Debug|Win32
		{176E3365-0B5D-4A08-8DA6-77E8DB098DAF}.Debug|Win32.Build.0 = Debug|Win32
		{176E3365-0B5D-4A08-8DA6-77E8DB098DAF}.Release|Win32.ActiveCfg = Release|Win32
		{176E3365-0B5D-4A08-8DA6-77E8DB098DAF}.Release|Win32.Build.0 = Release|Win32
		{D66C8F3C-C4D4-4A63-98D2-46D71BA3E9AE}.Debug|Win32.ActiveCfg = Debug|Win32
		{D66C8F3C-C4D4-4A63-98D2-46D71BA3E9AE}.Debug|Win32.Build.0 = Debug|Win32
		{D66C8F3C-C4D4-4A63-98D2-46D71BA3E9AE}.Release|Win32.ActiveCfg = Release|Win32
		{D66C8F3C-C4D4-4A63-98D2-46D71BA3E9AE}.Release|Win32.Build.0 = Release|Win32
		{68A804FC-00C3-44E2-A479-3DB3D20F943D}.Debug|Win32.ActiveCfg = Debug|Win32
		{68A804FC-00C3-44E2-A479-3DB3D20F943D}.Debug|Win32.Build.0 = Debug|Win32
		{68A804FC-00C3-44E2-A479-3DB3D20F943D}.Release|Win32.ActiveCfg = Release|Win32
		{68A804FC-00C3-44E2-A479-3DB3D20F943D}.Release|Win32.Build.0 = Release|Win32
		{4F8332D7-5687-4875-813A-A1B7AA479C2D}.Debug|Win32.ActiveCfg = Debug|Win32
		{4F8332D7-5687-4875-813A-A1B7AA479C2D}.Debug|Win32.Build.0 = Debug|Win32
		{4F8332D7-5687-4875-813A-A1B7AA479C2D}.Release|Win32.ActiveCfg = Release|Win32
		{4F8332D7-5687-4875-813A-A1B7AA479C2D}.Release|Win32.Build.0 = Release|Win32
		{4C02EEB1-33AA-41C5-9A96-609161DF1635}.Debug|Win32.ActiveCfg = Debug|Win32
		{4C02EEB1-33AA-41C5-9A96-609161DF1635}.Debug|Win32.Build.0 = Debug|Win32
		{4C02EEB1-33AA-41C5-9A96-609161DF1635}.Release|Win32.ActiveCfg = Release|Win32
		{4C02EEB1-33AA-41C5-9A96-609161DF1635}.Release|Win32.Build.0 = Release|Win32
	EndGlobalSection
	GlobalSection(SolutionProperties) = preSolution
		HideSolutionNode = FALSE
	EndGlobalSection
	GlobalSection(NestedProjects) = preSolution
		{736C1528-E41B-B641-EA17-E5A17563DAF1} = {DA07A9CF-8365-4CF2-8B58-86DA5BA277B6}
		{176E3365-0B5D-4A08-8DA6-77E8DB098DAF} = {DA07A9CF-8365-4CF2-8B58-86DA5BA277B6}
		{D66C8F3C-C4D4-4A63-98D2-46D71BA3E9AE} = {DA07A9CF-8365-4CF2-8B58-86DA5BA277B6}
		{68A804FC-00C3-44E2-A479-3DB3D20F943D} = {EEB5A4C9-91C3-4588-B99B-483B3FB57AB4}
		{4F8332D7-5687-4875-813A-A1B7AA479C2D} = {EEB5A4C9-91C3-4588-B99B-483B3FB57AB4}
		{4C02EEB1-33AA-41C5-9A96-609161DF1635} = {EEB5A4C9-91C3-4588-B99B-483B3FB57AB4}
	EndGlobalSection
EndGlobal
