Microsoft Visual Studio Solution File, Format Version 12.00
# Visual Studio 2012
Project("{8BC9CEB8-8B4A-11D0-8D11-00A0C91BC942}") = "cgame", "cgame\cgame.vcxproj", "{68A804FC-00C3-44E2-A479-3DB3D20F943D}"
EndProject
Project("{8BC9CEB8-8B4A-11D0-8D11-00A0C91BC942}") = "game", "game\game.vcxproj", "{4F8332D7-5687-4875-813A-A1B7AA479C2D}"
	ProjectSection(ProjectDependencies) = postProject
		{D66C8F3C-C4D4-4A63-98D2-46D71BA3E9AE} = {D66C8F3C-C4D4-4A63-98D2-46D71BA3E9AE}
	EndProjectSection
EndProject
Project("{8BC9CEB8-8B4A-11D0-8D11-00A0C91BC942}") = "ui", "ui\ui.vcxproj", "{4C02EEB1-33AA-41C5-9A96-609161DF1635}"
EndProject
Project("{8BC9CEB8-8B4A-11D0-8D11-00A0C91BC942}") = "APImodule", "APImodule\APImodule.vcxproj", "{736C1528-E41B-B641-EA17-E5A17563DAF1}"
	ProjectSection(ProjectDependencies) = postProject
		{AA9F3A05-929E-4144-BDDB-CBBF8B435038} = {AA9F3A05-929E-4144-BDDB-CBBF8B435038}
	EndProjectSection
EndProject
Project("{8BC9CEB8-8B4A-11D0-8D11-00A0C91BC942}") = "libcurl", "libs\curl\lib\vc6libcurl.vcxproj", "{AA9F3A05-929E-4144-BDDB-CBBF8B435038}"
EndProject
Project("{8BC9CEB8-8B4A-11D0-8D11-00A0C91BC942}") = "pthread", "libs\pthreads-w32-2-9-1\pthread.vcxproj", "{D66C8F3C-C4D4-4A63-98D2-46D71BA3E9AE}"
EndProject
Global
	GlobalSection(SolutionConfigurationPlatforms) = preSolution
		Debug|Win32 = Debug|Win32
		DLL Debug|Win32 = DLL Debug|Win32
		DLL Release|Win32 = DLL Release|Win32
		LIB Debug|Win32 = LIB Debug|Win32
		LIB Release|Win32 = LIB Release|Win32
		Release|Win32 = Release|Win32
		using libcurl DLL Debug|Win32 = using libcurl DLL Debug|Win32
		using libcurl DLL Release|Win32 = using libcurl DLL Release|Win32
		using libcurl LIB Debug|Win32 = using libcurl LIB Debug|Win32
		using libcurl LIB Release|Win32 = using libcurl LIB Release|Win32
	EndGlobalSection
	GlobalSection(ProjectConfigurationPlatforms) = postSolution
		{68A804FC-00C3-44E2-A479-3DB3D20F943D}.Debug|Win32.ActiveCfg = Debug|Win32
		{68A804FC-00C3-44E2-A479-3DB3D20F943D}.Debug|Win32.Build.0 = Debug|Win32
		{68A804FC-00C3-44E2-A479-3DB3D20F943D}.DLL Debug|Win32.ActiveCfg = Debug|Win32
		{68A804FC-00C3-44E2-A479-3DB3D20F943D}.DLL Debug|Win32.Build.0 = Debug|Win32
		{68A804FC-00C3-44E2-A479-3DB3D20F943D}.DLL Release|Win32.ActiveCfg = Release|Win32
		{68A804FC-00C3-44E2-A479-3DB3D20F943D}.DLL Release|Win32.Build.0 = Release|Win32
		{68A804FC-00C3-44E2-A479-3DB3D20F943D}.LIB Debug|Win32.ActiveCfg = Debug|Win32
		{68A804FC-00C3-44E2-A479-3DB3D20F943D}.LIB Debug|Win32.Build.0 = Debug|Win32
		{68A804FC-00C3-44E2-A479-3DB3D20F943D}.LIB Release|Win32.ActiveCfg = Release|Win32
		{68A804FC-00C3-44E2-A479-3DB3D20F943D}.LIB Release|Win32.Build.0 = Release|Win32
		{68A804FC-00C3-44E2-A479-3DB3D20F943D}.Release|Win32.ActiveCfg = Release|Win32
		{68A804FC-00C3-44E2-A479-3DB3D20F943D}.Release|Win32.Build.0 = Release|Win32
		{68A804FC-00C3-44E2-A479-3DB3D20F943D}.using libcurl DLL Debug|Win32.ActiveCfg = Release|Win32
		{68A804FC-00C3-44E2-A479-3DB3D20F943D}.using libcurl DLL Release|Win32.ActiveCfg = Release|Win32
		{68A804FC-00C3-44E2-A479-3DB3D20F943D}.using libcurl LIB Debug|Win32.ActiveCfg = Release|Win32
		{68A804FC-00C3-44E2-A479-3DB3D20F943D}.using libcurl LIB Release|Win32.ActiveCfg = Release|Win32
		{4F8332D7-5687-4875-813A-A1B7AA479C2D}.Debug|Win32.ActiveCfg = Debug|Win32
		{4F8332D7-5687-4875-813A-A1B7AA479C2D}.Debug|Win32.Build.0 = Debug|Win32
		{4F8332D7-5687-4875-813A-A1B7AA479C2D}.DLL Debug|Win32.ActiveCfg = Debug|Win32
		{4F8332D7-5687-4875-813A-A1B7AA479C2D}.DLL Debug|Win32.Build.0 = Debug|Win32
		{4F8332D7-5687-4875-813A-A1B7AA479C2D}.DLL Release|Win32.ActiveCfg = Release|Win32
		{4F8332D7-5687-4875-813A-A1B7AA479C2D}.DLL Release|Win32.Build.0 = Release|Win32
		{4F8332D7-5687-4875-813A-A1B7AA479C2D}.LIB Debug|Win32.ActiveCfg = Debug|Win32
		{4F8332D7-5687-4875-813A-A1B7AA479C2D}.LIB Debug|Win32.Build.0 = Debug|Win32
		{4F8332D7-5687-4875-813A-A1B7AA479C2D}.LIB Release|Win32.ActiveCfg = Release|Win32
		{4F8332D7-5687-4875-813A-A1B7AA479C2D}.LIB Release|Win32.Build.0 = Release|Win32
		{4F8332D7-5687-4875-813A-A1B7AA479C2D}.Release|Win32.ActiveCfg = Release|Win32
		{4F8332D7-5687-4875-813A-A1B7AA479C2D}.Release|Win32.Build.0 = Release|Win32
		{4F8332D7-5687-4875-813A-A1B7AA479C2D}.using libcurl DLL Debug|Win32.ActiveCfg = Release|Win32
		{4F8332D7-5687-4875-813A-A1B7AA479C2D}.using libcurl DLL Release|Win32.ActiveCfg = Release|Win32
		{4F8332D7-5687-4875-813A-A1B7AA479C2D}.using libcurl LIB Debug|Win32.ActiveCfg = Release|Win32
		{4F8332D7-5687-4875-813A-A1B7AA479C2D}.using libcurl LIB Release|Win32.ActiveCfg = Release|Win32
		{4C02EEB1-33AA-41C5-9A96-609161DF1635}.Debug|Win32.ActiveCfg = Debug|Win32
		{4C02EEB1-33AA-41C5-9A96-609161DF1635}.Debug|Win32.Build.0 = Debug|Win32
		{4C02EEB1-33AA-41C5-9A96-609161DF1635}.DLL Debug|Win32.ActiveCfg = Debug|Win32
		{4C02EEB1-33AA-41C5-9A96-609161DF1635}.DLL Debug|Win32.Build.0 = Debug|Win32
		{4C02EEB1-33AA-41C5-9A96-609161DF1635}.DLL Release|Win32.ActiveCfg = Release|Win32
		{4C02EEB1-33AA-41C5-9A96-609161DF1635}.DLL Release|Win32.Build.0 = Release|Win32
		{4C02EEB1-33AA-41C5-9A96-609161DF1635}.LIB Debug|Win32.ActiveCfg = Debug|Win32
		{4C02EEB1-33AA-41C5-9A96-609161DF1635}.LIB Debug|Win32.Build.0 = Debug|Win32
		{4C02EEB1-33AA-41C5-9A96-609161DF1635}.LIB Release|Win32.ActiveCfg = Release|Win32
		{4C02EEB1-33AA-41C5-9A96-609161DF1635}.LIB Release|Win32.Build.0 = Release|Win32
		{4C02EEB1-33AA-41C5-9A96-609161DF1635}.Release|Win32.ActiveCfg = Release|Win32
		{4C02EEB1-33AA-41C5-9A96-609161DF1635}.Release|Win32.Build.0 = Release|Win32
		{4C02EEB1-33AA-41C5-9A96-609161DF1635}.using libcurl DLL Debug|Win32.ActiveCfg = Release|Win32
		{4C02EEB1-33AA-41C5-9A96-609161DF1635}.using libcurl DLL Release|Win32.ActiveCfg = Release|Win32
		{4C02EEB1-33AA-41C5-9A96-609161DF1635}.using libcurl LIB Debug|Win32.ActiveCfg = Release|Win32
		{4C02EEB1-33AA-41C5-9A96-609161DF1635}.using libcurl LIB Release|Win32.ActiveCfg = Release|Win32
		{736C1528-E41B-B641-EA17-E5A17563DAF1}.Debug|Win32.ActiveCfg = Debug|Win32
		{736C1528-E41B-B641-EA17-E5A17563DAF1}.Debug|Win32.Build.0 = Debug|Win32
		{736C1528-E41B-B641-EA17-E5A17563DAF1}.DLL Debug|Win32.ActiveCfg = Debug|Win32
		{736C1528-E41B-B641-EA17-E5A17563DAF1}.DLL Debug|Win32.Build.0 = Debug|Win32
		{736C1528-E41B-B641-EA17-E5A17563DAF1}.DLL Release|Win32.ActiveCfg = Release|Win32
		{736C1528-E41B-B641-EA17-E5A17563DAF1}.DLL Release|Win32.Build.0 = Release|Win32
		{736C1528-E41B-B641-EA17-E5A17563DAF1}.LIB Debug|Win32.ActiveCfg = Debug|Win32
		{736C1528-E41B-B641-EA17-E5A17563DAF1}.LIB Debug|Win32.Build.0 = Debug|Win32
		{736C1528-E41B-B641-EA17-E5A17563DAF1}.LIB Release|Win32.ActiveCfg = Release|Win32
		{736C1528-E41B-B641-EA17-E5A17563DAF1}.LIB Release|Win32.Build.0 = Release|Win32
		{736C1528-E41B-B641-EA17-E5A17563DAF1}.Release|Win32.ActiveCfg = Release|Win32
		{736C1528-E41B-B641-EA17-E5A17563DAF1}.Release|Win32.Build.0 = Release|Win32
		{736C1528-E41B-B641-EA17-E5A17563DAF1}.using libcurl DLL Debug|Win32.ActiveCfg = Debug|Win32
		{736C1528-E41B-B641-EA17-E5A17563DAF1}.using libcurl DLL Debug|Win32.Build.0 = Debug|Win32
		{736C1528-E41B-B641-EA17-E5A17563DAF1}.using libcurl DLL Release|Win32.ActiveCfg = Release|Win32
		{736C1528-E41B-B641-EA17-E5A17563DAF1}.using libcurl DLL Release|Win32.Build.0 = Release|Win32
		{736C1528-E41B-B641-EA17-E5A17563DAF1}.using libcurl LIB Debug|Win32.ActiveCfg = Debug|Win32
		{736C1528-E41B-B641-EA17-E5A17563DAF1}.using libcurl LIB Debug|Win32.Build.0 = Debug|Win32
		{736C1528-E41B-B641-EA17-E5A17563DAF1}.using libcurl LIB Release|Win32.ActiveCfg = Release|Win32
		{736C1528-E41B-B641-EA17-E5A17563DAF1}.using libcurl LIB Release|Win32.Build.0 = Release|Win32
		{AA9F3A05-929E-4144-BDDB-CBBF8B435038}.Debug|Win32.ActiveCfg = LIB Debug|Win32
		{AA9F3A05-929E-4144-BDDB-CBBF8B435038}.Debug|Win32.Build.0 = LIB Debug|Win32
		{AA9F3A05-929E-4144-BDDB-CBBF8B435038}.DLL Debug|Win32.ActiveCfg = DLL Debug|Win32
		{AA9F3A05-929E-4144-BDDB-CBBF8B435038}.DLL Debug|Win32.Build.0 = DLL Debug|Win32
		{AA9F3A05-929E-4144-BDDB-CBBF8B435038}.DLL Release|Win32.ActiveCfg = DLL Release|Win32
		{AA9F3A05-929E-4144-BDDB-CBBF8B435038}.DLL Release|Win32.Build.0 = DLL Release|Win32
		{AA9F3A05-929E-4144-BDDB-CBBF8B435038}.LIB Debug|Win32.ActiveCfg = LIB Debug|Win32
		{AA9F3A05-929E-4144-BDDB-CBBF8B435038}.LIB Debug|Win32.Build.0 = LIB Debug|Win32
		{AA9F3A05-929E-4144-BDDB-CBBF8B435038}.LIB Release|Win32.ActiveCfg = LIB Release|Win32
		{AA9F3A05-929E-4144-BDDB-CBBF8B435038}.LIB Release|Win32.Build.0 = LIB Release|Win32
		{AA9F3A05-929E-4144-BDDB-CBBF8B435038}.Release|Win32.ActiveCfg = LIB Release|Win32
		{AA9F3A05-929E-4144-BDDB-CBBF8B435038}.Release|Win32.Build.0 = LIB Release|Win32
		{AA9F3A05-929E-4144-BDDB-CBBF8B435038}.using libcurl DLL Debug|Win32.ActiveCfg = DLL Debug|Win32
		{AA9F3A05-929E-4144-BDDB-CBBF8B435038}.using libcurl DLL Debug|Win32.Build.0 = DLL Debug|Win32
		{AA9F3A05-929E-4144-BDDB-CBBF8B435038}.using libcurl DLL Release|Win32.ActiveCfg = DLL Release|Win32
		{AA9F3A05-929E-4144-BDDB-CBBF8B435038}.using libcurl DLL Release|Win32.Build.0 = DLL Release|Win32
		{AA9F3A05-929E-4144-BDDB-CBBF8B435038}.using libcurl LIB Debug|Win32.ActiveCfg = LIB Debug|Win32
		{AA9F3A05-929E-4144-BDDB-CBBF8B435038}.using libcurl LIB Debug|Win32.Build.0 = LIB Debug|Win32
		{AA9F3A05-929E-4144-BDDB-CBBF8B435038}.using libcurl LIB Release|Win32.ActiveCfg = LIB Release|Win32
		{AA9F3A05-929E-4144-BDDB-CBBF8B435038}.using libcurl LIB Release|Win32.Build.0 = LIB Release|Win32
		{D66C8F3C-C4D4-4A63-98D2-46D71BA3E9AE}.Debug|Win32.ActiveCfg = Debug|Win32
		{D66C8F3C-C4D4-4A63-98D2-46D71BA3E9AE}.Debug|Win32.Build.0 = Debug|Win32
		{D66C8F3C-C4D4-4A63-98D2-46D71BA3E9AE}.DLL Debug|Win32.ActiveCfg = Debug|Win32
		{D66C8F3C-C4D4-4A63-98D2-46D71BA3E9AE}.DLL Debug|Win32.Build.0 = Debug|Win32
		{D66C8F3C-C4D4-4A63-98D2-46D71BA3E9AE}.DLL Release|Win32.ActiveCfg = Release|Win32
		{D66C8F3C-C4D4-4A63-98D2-46D71BA3E9AE}.DLL Release|Win32.Build.0 = Release|Win32
		{D66C8F3C-C4D4-4A63-98D2-46D71BA3E9AE}.LIB Debug|Win32.ActiveCfg = Debug|Win32
		{D66C8F3C-C4D4-4A63-98D2-46D71BA3E9AE}.LIB Debug|Win32.Build.0 = Debug|Win32
		{D66C8F3C-C4D4-4A63-98D2-46D71BA3E9AE}.LIB Release|Win32.ActiveCfg = Release|Win32
		{D66C8F3C-C4D4-4A63-98D2-46D71BA3E9AE}.LIB Release|Win32.Build.0 = Release|Win32
		{D66C8F3C-C4D4-4A63-98D2-46D71BA3E9AE}.Release|Win32.ActiveCfg = Release|Win32
		{D66C8F3C-C4D4-4A63-98D2-46D71BA3E9AE}.Release|Win32.Build.0 = Release|Win32
		{D66C8F3C-C4D4-4A63-98D2-46D71BA3E9AE}.using libcurl DLL Debug|Win32.ActiveCfg = Debug|Win32
		{D66C8F3C-C4D4-4A63-98D2-46D71BA3E9AE}.using libcurl DLL Debug|Win32.Build.0 = Debug|Win32
		{D66C8F3C-C4D4-4A63-98D2-46D71BA3E9AE}.using libcurl DLL Release|Win32.ActiveCfg = Release|Win32
		{D66C8F3C-C4D4-4A63-98D2-46D71BA3E9AE}.using libcurl DLL Release|Win32.Build.0 = Release|Win32
		{D66C8F3C-C4D4-4A63-98D2-46D71BA3E9AE}.using libcurl LIB Debug|Win32.ActiveCfg = Debug|Win32
		{D66C8F3C-C4D4-4A63-98D2-46D71BA3E9AE}.using libcurl LIB Debug|Win32.Build.0 = Debug|Win32
		{D66C8F3C-C4D4-4A63-98D2-46D71BA3E9AE}.using libcurl LIB Release|Win32.ActiveCfg = Release|Win32
		{D66C8F3C-C4D4-4A63-98D2-46D71BA3E9AE}.using libcurl LIB Release|Win32.Build.0 = Release|Win32
	EndGlobalSection
	GlobalSection(SolutionProperties) = preSolution
		HideSolutionNode = FALSE
	EndGlobalSection
EndGlobal
